
Microsoft Visual Studio Solution File, Format Version 12.00
# Visual Studio Version 16
VisualStudioVersion = 16.0.31911.196
MinimumVisualStudioVersion = 10.0.40219.1
Project("{FAE04EC0-301F-11D3-BF4B-00C04F79EFBC}") = "calc", "calc\calc.csproj", "{7446C461-856B-4C5C-94D3-379EDADCBCA9}"
EndProject
Project("{9A19103F-16F7-4668-BE54-9A1E7A4F7556}") = "ConsoleApp1", "..\ConsoleApp1\ConsoleApp1\ConsoleApp1.csproj", "{24A4D831-C0CD-486F-A50F-63B99C306595}"
EndProject
Global
	GlobalSection(SolutionConfigurationPlatforms) = preSolution
		Debug|Any CPU = Debug|Any CPU
		Release|Any CPU = Release|Any CPU
	EndGlobalSection
	GlobalSection(ProjectConfigurationPlatforms) = postSolution
		{7446C461-856B-4C5C-94D3-379EDADCBCA9}.Debug|Any CPU.ActiveCfg = Debug|Any CPU
		{7446C461-856B-4C5C-94D3-379EDADCBCA9}.Debug|Any CPU.Build.0 = Debug|Any CPU
		{7446C461-856B-4C5C-94D3-379EDADCBCA9}.Release|Any CPU.ActiveCfg = Release|Any CPU
		{7446C461-856B-4C5C-94D3-379EDADCBCA9}.Release|Any CPU.Build.0 = Release|Any CPU
		{24A4D831-C0CD-486F-A50F-63B99C306595}.Debug|Any CPU.ActiveCfg = Debug|Any CPU
		{24A4D831-C0CD-486F-A50F-63B99C306595}.Debug|Any CPU.Build.0 = Debug|Any CPU
		{24A4D831-C0CD-486F-A50F-63B99C306595}.Release|Any CPU.ActiveCfg = Release|Any CPU
		{24A4D831-C0CD-486F-A50F-63B99C306595}.Release|Any CPU.Build.0 = Release|Any CPU
	EndGlobalSection
	GlobalSection(SolutionProperties) = preSolution
		HideSolutionNode = FALSE
	EndGlobalSection
	GlobalSection(ExtensibilityGlobals) = postSolution
		SolutionGuid = {00ED68C9-06DC-4A3A-82D6-6237AA602354}
	EndGlobalSection
EndGlobal
